
Microsoft Visual Studio Solution File, Format Version 12.00
# Visual Studio 14
VisualStudioVersion = 14.0.25420.1
MinimumVisualStudioVersion = 10.0.40219.1
Project("{8BC9CEB8-8B4A-11D0-8D11-00A0C91BC942}") = "cares", "cares\vc6cares.vcxproj", "{0637310F-AC0E-44F1-A24E-62A48A0DDA8A}"
EndProject
Project("{8BC9CEB8-8B4A-11D0-8D11-00A0C91BC942}") = "acountry", "acountry\vc6acountry.vcxproj", "{F847BFFA-F80E-4DA7-A28F-7CADB67C1E9E}"
EndProject
Project("{8BC9CEB8-8B4A-11D0-8D11-00A0C91BC942}") = "adig", "adig\vc6adig.vcxproj", "{33D83CA2-4F6C-428C-8885-37DDFC46160C}"
EndProject
Project("{8BC9CEB8-8B4A-11D0-8D11-00A0C91BC942}") = "ahost", "ahost\vc6ahost.vcxproj", "{CFE23DCC-A71C-4553-93A0-EA7803459F6B}"
EndProject
Global
	GlobalSection(SolutionConfigurationPlatforms) = preSolution
		DLL Debug|x64 = DLL Debug|x64
		DLL Debug|x86 = DLL Debug|x86
		DLL Release|x64 = DLL Release|x64
		DLL Release|x86 = DLL Release|x86
		LIB Debug|x64 = LIB Debug|x64
		LIB Debug|x86 = LIB Debug|x86
		LIB Release|x64 = LIB Release|x64
		LIB Release|x86 = LIB Release|x86
		Template|x64 = Template|x64
		Template|x86 = Template|x86
		using cares DLL Debug|x64 = using cares DLL Debug|x64
		using cares DLL Debug|x86 = using cares DLL Debug|x86
		using cares DLL Release|x64 = using cares DLL Release|x64
		using cares DLL Release|x86 = using cares DLL Release|x86
		using cares LIB Debug|x64 = using cares LIB Debug|x64
		using cares LIB Debug|x86 = using cares LIB Debug|x86
		using cares LIB Release|x64 = using cares LIB Release|x64
		using cares LIB Release|x86 = using cares LIB Release|x86
	EndGlobalSection
	GlobalSection(ProjectConfigurationPlatforms) = postSolution
		{0637310F-AC0E-44F1-A24E-62A48A0DDA8A}.DLL Debug|x64.ActiveCfg = DLL Debug|x64
		{0637310F-AC0E-44F1-A24E-62A48A0DDA8A}.DLL Debug|x64.Build.0 = DLL Debug|x64
		{0637310F-AC0E-44F1-A24E-62A48A0DDA8A}.DLL Debug|x86.ActiveCfg = DLL Debug|Win32
		{0637310F-AC0E-44F1-A24E-62A48A0DDA8A}.DLL Debug|x86.Build.0 = DLL Debug|Win32
		{0637310F-AC0E-44F1-A24E-62A48A0DDA8A}.DLL Release|x64.ActiveCfg = DLL Release|x64
		{0637310F-AC0E-44F1-A24E-62A48A0DDA8A}.DLL Release|x64.Build.0 = DLL Release|x64
		{0637310F-AC0E-44F1-A24E-62A48A0DDA8A}.DLL Release|x86.ActiveCfg = DLL Release|Win32
		{0637310F-AC0E-44F1-A24E-62A48A0DDA8A}.DLL Release|x86.Build.0 = DLL Release|Win32
		{0637310F-AC0E-44F1-A24E-62A48A0DDA8A}.LIB Debug|x64.ActiveCfg = LIB Debug|x64
		{0637310F-AC0E-44F1-A24E-62A48A0DDA8A}.LIB Debug|x64.Build.0 = LIB Debug|x64
		{0637310F-AC0E-44F1-A24E-62A48A0DDA8A}.LIB Debug|x86.ActiveCfg = LIB Debug|Win32
		{0637310F-AC0E-44F1-A24E-62A48A0DDA8A}.LIB Debug|x86.Build.0 = LIB Debug|Win32
		{0637310F-AC0E-44F1-A24E-62A48A0DDA8A}.LIB Release|x64.ActiveCfg = LIB Release|x64
		{0637310F-AC0E-44F1-A24E-62A48A0DDA8A}.LIB Release|x64.Build.0 = LIB Release|x64
		{0637310F-AC0E-44F1-A24E-62A48A0DDA8A}.LIB Release|x86.ActiveCfg = LIB Release|Win32
		{0637310F-AC0E-44F1-A24E-62A48A0DDA8A}.LIB Release|x86.Build.0 = LIB Release|Win32
		{0637310F-AC0E-44F1-A24E-62A48A0DDA8A}.Template|x64.ActiveCfg = LIB Release|x64
		{0637310F-AC0E-44F1-A24E-62A48A0DDA8A}.Template|x64.Build.0 = LIB Release|x64
		{0637310F-AC0E-44F1-A24E-62A48A0DDA8A}.Template|x86.ActiveCfg = LIB Release|Win32
		{0637310F-AC0E-44F1-A24E-62A48A0DDA8A}.Template|x86.Build.0 = LIB Release|Win32
		{0637310F-AC0E-44F1-A24E-62A48A0DDA8A}.using cares DLL Debug|x64.ActiveCfg = DLL Debug|x64
		{0637310F-AC0E-44F1-A24E-62A48A0DDA8A}.using cares DLL Debug|x64.Build.0 = DLL Debug|x64
		{0637310F-AC0E-44F1-A24E-62A48A0DDA8A}.using cares DLL Debug|x86.ActiveCfg = DLL Debug|Win32
		{0637310F-AC0E-44F1-A24E-62A48A0DDA8A}.using cares DLL Debug|x86.Build.0 = DLL Debug|Win32
		{0637310F-AC0E-44F1-A24E-62A48A0DDA8A}.using cares DLL Release|x64.ActiveCfg = DLL Release|x64
		{0637310F-AC0E-44F1-A24E-62A48A0DDA8A}.using cares DLL Release|x64.Build.0 = DLL Release|x64
		{0637310F-AC0E-44F1-A24E-62A48A0DDA8A}.using cares DLL Release|x86.ActiveCfg = DLL Release|Win32
		{0637310F-AC0E-44F1-A24E-62A48A0DDA8A}.using cares DLL Release|x86.Build.0 = DLL Release|Win32
		{0637310F-AC0E-44F1-A24E-62A48A0DDA8A}.using cares LIB Debug|x64.ActiveCfg = LIB Debug|x64
		{0637310F-AC0E-44F1-A24E-62A48A0DDA8A}.using cares LIB Debug|x64.Build.0 = LIB Debug|x64
		{0637310F-AC0E-44F1-A24E-62A48A0DDA8A}.using cares LIB Debug|x86.ActiveCfg = LIB Debug|Win32
		{0637310F-AC0E-44F1-A24E-62A48A0DDA8A}.using cares LIB Debug|x86.Build.0 = LIB Debug|Win32
		{0637310F-AC0E-44F1-A24E-62A48A0DDA8A}.using cares LIB Release|x64.ActiveCfg = LIB Release|x64
		{0637310F-AC0E-44F1-A24E-62A48A0DDA8A}.using cares LIB Release|x64.Build.0 = LIB Release|x64
		{0637310F-AC0E-44F1-A24E-62A48A0DDA8A}.using cares LIB Release|x86.ActiveCfg = LIB Release|Win32
		{0637310F-AC0E-44F1-A24E-62A48A0DDA8A}.using cares LIB Release|x86.Build.0 = LIB Release|Win32
		{F847BFFA-F80E-4DA7-A28F-7CADB67C1E9E}.DLL Debug|x64.ActiveCfg = using cares DLL Debug|x64
		{F847BFFA-F80E-4DA7-A28F-7CADB67C1E9E}.DLL Debug|x64.Build.0 = using cares DLL Debug|x64
		{F847BFFA-F80E-4DA7-A28F-7CADB67C1E9E}.DLL Debug|x86.ActiveCfg = using cares DLL Debug|Win32
		{F847BFFA-F80E-4DA7-A28F-7CADB67C1E9E}.DLL Debug|x86.Build.0 = using cares DLL Debug|Win32
		{F847BFFA-F80E-4DA7-A28F-7CADB67C1E9E}.DLL Release|x64.ActiveCfg = using cares DLL Release|x64
		{F847BFFA-F80E-4DA7-A28F-7CADB67C1E9E}.DLL Release|x64.Build.0 = using cares DLL Release|x64
		{F847BFFA-F80E-4DA7-A28F-7CADB67C1E9E}.DLL Release|x86.ActiveCfg = using cares DLL Release|Win32
		{F847BFFA-F80E-4DA7-A28F-7CADB67C1E9E}.DLL Release|x86.Build.0 = using cares DLL Release|Win32
		{F847BFFA-F80E-4DA7-A28F-7CADB67C1E9E}.LIB Debug|x64.ActiveCfg = using cares LIB Debug|x64
		{F847BFFA-F80E-4DA7-A28F-7CADB67C1E9E}.LIB Debug|x64.Build.0 = using cares LIB Debug|x64
		{F847BFFA-F80E-4DA7-A28F-7CADB67C1E9E}.LIB Debug|x86.ActiveCfg = using cares LIB Debug|Win32
		{F847BFFA-F80E-4DA7-A28F-7CADB67C1E9E}.LIB Debug|x86.Build.0 = using cares LIB Debug|Win32
		{F847BFFA-F80E-4DA7-A28F-7CADB67C1E9E}.LIB Release|x64.ActiveCfg = using cares LIB Release|x64
		{F847BFFA-F80E-4DA7-A28F-7CADB67C1E9E}.LIB Release|x64.Build.0 = using cares LIB Release|x64
		{F847BFFA-F80E-4DA7-A28F-7CADB67C1E9E}.LIB Release|x86.ActiveCfg = using cares LIB Release|Win32
		{F847BFFA-F80E-4DA7-A28F-7CADB67C1E9E}.LIB Release|x86.Build.0 = using cares LIB Release|Win32
		{F847BFFA-F80E-4DA7-A28F-7CADB67C1E9E}.Template|x64.ActiveCfg = Template|x64
		{F847BFFA-F80E-4DA7-A28F-7CADB67C1E9E}.Template|x64.Build.0 = Template|x64
		{F847BFFA-F80E-4DA7-A28F-7CADB67C1E9E}.Template|x86.ActiveCfg = Template|Win32
		{F847BFFA-F80E-4DA7-A28F-7CADB67C1E9E}.Template|x86.Build.0 = Template|Win32
		{F847BFFA-F80E-4DA7-A28F-7CADB67C1E9E}.using cares DLL Debug|x64.ActiveCfg = using cares DLL Debug|x64
		{F847BFFA-F80E-4DA7-A28F-7CADB67C1E9E}.using cares DLL Debug|x64.Build.0 = using cares DLL Debug|x64
		{F847BFFA-F80E-4DA7-A28F-7CADB67C1E9E}.using cares DLL Debug|x86.ActiveCfg = using cares DLL Debug|Win32
		{F847BFFA-F80E-4DA7-A28F-7CADB67C1E9E}.using cares DLL Debug|x86.Build.0 = using cares DLL Debug|Win32
		{F847BFFA-F80E-4DA7-A28F-7CADB67C1E9E}.using cares DLL Release|x64.ActiveCfg = using cares DLL Release|x64
		{F847BFFA-F80E-4DA7-A28F-7CADB67C1E9E}.using cares DLL Release|x64.Build.0 = using cares DLL Release|x64
		{F847BFFA-F80E-4DA7-A28F-7CADB67C1E9E}.using cares DLL Release|x86.ActiveCfg = using cares DLL Release|Win32
		{F847BFFA-F80E-4DA7-A28F-7CADB67C1E9E}.using cares DLL Release|x86.Build.0 = using cares DLL Release|Win32
		{F847BFFA-F80E-4DA7-A28F-7CADB67C1E9E}.using cares LIB Debug|x64.ActiveCfg = using cares LIB Debug|x64
		{F847BFFA-F80E-4DA7-A28F-7CADB67C1E9E}.using cares LIB Debug|x64.Build.0 = using cares LIB Debug|x64
		{F847BFFA-F80E-4DA7-A28F-7CADB67C1E9E}.using cares LIB Debug|x86.ActiveCfg = using cares LIB Debug|Win32
		{F847BFFA-F80E-4DA7-A28F-7CADB67C1E9E}.using cares LIB Debug|x86.Build.0 = using cares LIB Debug|Win32
		{F847BFFA-F80E-4DA7-A28F-7CADB67C1E9E}.using cares LIB Release|x64.ActiveCfg = using cares LIB Release|x64
		{F847BFFA-F80E-4DA7-A28F-7CADB67C1E9E}.using cares LIB Release|x64.Build.0 = using cares LIB Release|x64
		{F847BFFA-F80E-4DA7-A28F-7CADB67C1E9E}.using cares LIB Release|x86.ActiveCfg = using cares LIB Release|Win32
		{F847BFFA-F80E-4DA7-A28F-7CADB67C1E9E}.using cares LIB Release|x86.Build.0 = using cares LIB Release|Win32
		{33D83CA2-4F6C-428C-8885-37DDFC46160C}.DLL Debug|x64.ActiveCfg = using cares DLL Debug|x64
		{33D83CA2-4F6C-428C-8885-37DDFC46160C}.DLL Debug|x64.Build.0 = using cares DLL Debug|x64
		{33D83CA2-4F6C-428C-8885-37DDFC46160C}.DLL Debug|x86.ActiveCfg = using cares DLL Debug|Win32
		{33D83CA2-4F6C-428C-8885-37DDFC46160C}.DLL Debug|x86.Build.0 = using cares DLL Debug|Win32
		{33D83CA2-4F6C-428C-8885-37DDFC46160C}.DLL Release|x64.ActiveCfg = using cares DLL Release|x64
		{33D83CA2-4F6C-428C-8885-37DDFC46160C}.DLL Release|x64.Build.0 = using cares DLL Release|x64
		{33D83CA2-4F6C-428C-8885-37DDFC46160C}.DLL Release|x86.ActiveCfg = using cares DLL Release|Win32
		{33D83CA2-4F6C-428C-8885-37DDFC46160C}.DLL Release|x86.Build.0 = using cares DLL Release|Win32
		{33D83CA2-4F6C-428C-8885-37DDFC46160C}.LIB Debug|x64.ActiveCfg = using cares LIB Debug|x64
		{33D83CA2-4F6C-428C-8885-37DDFC46160C}.LIB Debug|x64.Build.0 = using cares LIB Debug|x64
		{33D83CA2-4F6C-428C-8885-37DDFC46160C}.LIB Debug|x86.ActiveCfg = using cares LIB Debug|Win32
		{33D83CA2-4F6C-428C-8885-37DDFC46160C}.LIB Debug|x86.Build.0 = using cares LIB Debug|Win32
		{33D83CA2-4F6C-428C-8885-37DDFC46160C}.LIB Release|x64.ActiveCfg = using cares LIB Release|x64
		{33D83CA2-4F6C-428C-8885-37DDFC46160C}.LIB Release|x64.Build.0 = using cares LIB Release|x64
		{33D83CA2-4F6C-428C-8885-37DDFC46160C}.LIB Release|x86.ActiveCfg = using cares LIB Release|Win32
		{33D83CA2-4F6C-428C-8885-37DDFC46160C}.LIB Release|x86.Build.0 = using cares LIB Release|Win32
		{33D83CA2-4F6C-428C-8885-37DDFC46160C}.Template|x64.ActiveCfg = Template|x64
		{33D83CA2-4F6C-428C-8885-37DDFC46160C}.Template|x64.Build.0 = Template|x64
		{33D83CA2-4F6C-428C-8885-37DDFC46160C}.Template|x86.ActiveCfg = Template|Win32
		{33D83CA2-4F6C-428C-8885-37DDFC46160C}.Template|x86.Build.0 = Template|Win32
		{33D83CA2-4F6C-428C-8885-37DDFC46160C}.using cares DLL Debug|x64.ActiveCfg = using cares DLL Debug|x64
		{33D83CA2-4F6C-428C-8885-37DDFC46160C}.using cares DLL Debug|x64.Build.0 = using cares DLL Debug|x64
		{33D83CA2-4F6C-428C-8885-37DDFC46160C}.using cares DLL Debug|x86.ActiveCfg = using cares DLL Debug|Win32
		{33D83CA2-4F6C-428C-8885-37DDFC46160C}.using cares DLL Debug|x86.Build.0 = using cares DLL Debug|Win32
		{33D83CA2-4F6C-428C-8885-37DDFC46160C}.using cares DLL Release|x64.ActiveCfg = using cares DLL Release|x64
		{33D83CA2-4F6C-428C-8885-37DDFC46160C}.using cares DLL Release|x64.Build.0 = using cares DLL Release|x64
		{33D83CA2-4F6C-428C-8885-37DDFC46160C}.using cares DLL Release|x86.ActiveCfg = using cares DLL Release|Win32
		{33D83CA2-4F6C-428C-8885-37DDFC46160C}.using cares DLL Release|x86.Build.0 = using cares DLL Release|Win32
		{33D83CA2-4F6C-428C-8885-37DDFC46160C}.using cares LIB Debug|x64.ActiveCfg = using cares LIB Debug|x64
		{33D83CA2-4F6C-428C-8885-37DDFC46160C}.using cares LIB Debug|x64.Build.0 = using cares LIB Debug|x64
		{33D83CA2-4F6C-428C-8885-37DDFC46160C}.using cares LIB Debug|x86.ActiveCfg = using cares LIB Debug|Win32
		{33D83CA2-4F6C-428C-8885-37DDFC46160C}.using cares LIB Debug|x86.Build.0 = using cares LIB Debug|Win32
		{33D83CA2-4F6C-428C-8885-37DDFC46160C}.using cares LIB Release|x64.ActiveCfg = using cares LIB Release|x64
		{33D83CA2-4F6C-428C-8885-37DDFC46160C}.using cares LIB Release|x64.Build.0 = using cares LIB Release|x64
		{33D83CA2-4F6C-428C-8885-37DDFC46160C}.using cares LIB Release|x86.ActiveCfg = using cares LIB Release|Win32
		{33D83CA2-4F6C-428C-8885-37DDFC46160C}.using cares LIB Release|x86.Build.0 = using cares LIB Release|Win32
		{CFE23DCC-A71C-4553-93A0-EA7803459F6B}.DLL Debug|x64.ActiveCfg = using cares DLL Debug|x64
		{CFE23DCC-A71C-4553-93A0-EA7803459F6B}.DLL Debug|x64.Build.0 = using cares DLL Debug|x64
		{CFE23DCC-A71C-4553-93A0-EA7803459F6B}.DLL Debug|x86.ActiveCfg = using cares DLL Debug|Win32
		{CFE23DCC-A71C-4553-93A0-EA7803459F6B}.DLL Debug|x86.Build.0 = using cares DLL Debug|Win32
		{CFE23DCC-A71C-4553-93A0-EA7803459F6B}.DLL Release|x64.ActiveCfg = using cares DLL Release|x64
		{CFE23DCC-A71C-4553-93A0-EA7803459F6B}.DLL Release|x64.Build.0 = using cares DLL Release|x64
		{CFE23DCC-A71C-4553-93A0-EA7803459F6B}.DLL Release|x86.ActiveCfg = using cares DLL Release|Win32
		{CFE23DCC-A71C-4553-93A0-EA7803459F6B}.DLL Release|x86.Build.0 = using cares DLL Release|Win32
		{CFE23DCC-A71C-4553-93A0-EA7803459F6B}.LIB Debug|x64.ActiveCfg = using cares LIB Debug|x64
		{CFE23DCC-A71C-4553-93A0-EA7803459F6B}.LIB Debug|x64.Build.0 = using cares LIB Debug|x64
		{CFE23DCC-A71C-4553-93A0-EA7803459F6B}.LIB Debug|x86.ActiveCfg = using cares LIB Debug|Win32
		{CFE23DCC-A71C-4553-93A0-EA7803459F6B}.LIB Debug|x86.Build.0 = using cares LIB Debug|Win32
		{CFE23DCC-A71C-4553-93A0-EA7803459F6B}.LIB Release|x64.ActiveCfg = using cares LIB Release|x64
		{CFE23DCC-A71C-4553-93A0-EA7803459F6B}.LIB Release|x64.Build.0 = using cares LIB Release|x64
		{CFE23DCC-A71C-4553-93A0-EA7803459F6B}.LIB Release|x86.ActiveCfg = using cares LIB Release|Win32
		{CFE23DCC-A71C-4553-93A0-EA7803459F6B}.LIB Release|x86.Build.0 = using cares LIB Release|Win32
		{CFE23DCC-A71C-4553-93A0-EA7803459F6B}.Template|x64.ActiveCfg = Template|x64
		{CFE23DCC-A71C-4553-93A0-EA7803459F6B}.Template|x64.Build.0 = Template|x64
		{CFE23DCC-A71C-4553-93A0-EA7803459F6B}.Template|x86.ActiveCfg = Template|Win32
		{CFE23DCC-A71C-4553-93A0-EA7803459F6B}.Template|x86.Build.0 = Template|Win32
		{CFE23DCC-A71C-4553-93A0-EA7803459F6B}.using cares DLL Debug|x64.ActiveCfg = using cares DLL Debug|x64
		{CFE23DCC-A71C-4553-93A0-EA7803459F6B}.using cares DLL Debug|x64.Build.0 = using cares DLL Debug|x64
		{CFE23DCC-A71C-4553-93A0-EA7803459F6B}.using cares DLL Debug|x86.ActiveCfg = using cares DLL Debug|Win32
		{CFE23DCC-A71C-4553-93A0-EA7803459F6B}.using cares DLL Debug|x86.Build.0 = using cares DLL Debug|Win32
		{CFE23DCC-A71C-4553-93A0-EA7803459F6B}.using cares DLL Release|x64.ActiveCfg = using cares DLL Release|x64
		{CFE23DCC-A71C-4553-93A0-EA7803459F6B}.using cares DLL Release|x64.Build.0 = using cares DLL Release|x64
		{CFE23DCC-A71C-4553-93A0-EA7803459F6B}.using cares DLL Release|x86.ActiveCfg = using cares DLL Release|Win32
		{CFE23DCC-A71C-4553-93A0-EA7803459F6B}.using cares DLL Release|x86.Build.0 = using cares DLL Release|Win32
		{CFE23DCC-A71C-4553-93A0-EA7803459F6B}.using cares LIB Debug|x64.ActiveCfg = using cares LIB Debug|x64
		{CFE23DCC-A71C-4553-93A0-EA7803459F6B}.using cares LIB Debug|x64.Build.0 = using cares LIB Debug|x64
		{CFE23DCC-A71C-4553-93A0-EA7803459F6B}.using cares LIB Debug|x86.ActiveCfg = using cares LIB Debug|Win32
		{CFE23DCC-A71C-4553-93A0-EA7803459F6B}.using cares LIB Debug|x86.Build.0 = using cares LIB Debug|Win32
		{CFE23DCC-A71C-4553-93A0-EA7803459F6B}.using cares LIB Release|x64.ActiveCfg = using cares LIB Release|x64
		{CFE23DCC-A71C-4553-93A0-EA7803459F6B}.using cares LIB Release|x64.Build.0 = using cares LIB Release|x64
		{CFE23DCC-A71C-4553-93A0-EA7803459F6B}.using cares LIB Release|x86.ActiveCfg = using cares LIB Release|Win32
		{CFE23DCC-A71C-4553-93A0-EA7803459F6B}.using cares LIB Release|x86.Build.0 = using cares LIB Release|Win32
	EndGlobalSection
	GlobalSection(SolutionProperties) = preSolution
		HideSolutionNode = FALSE
	EndGlobalSection
EndGlobal
